
Microsoft Visual Studio Solution File, Format Version 12.00
# Visual Studio 14
VisualStudioVersion = 14.0.25420.1
MinimumVisualStudioVersion = 10.0.40219.1
Project("{FAE04EC0-301F-11D3-BF4B-00C04F79EFBC}") = "Simplic.UIDataTemplate", "Simplic.UIDataTemplate\Simplic.UIDataTemplate.csproj", "{CAE82F4F-5814-409A-BC95-806225EA46BF}"
EndProject
Project("{FAE04EC0-301F-11D3-BF4B-00C04F79EFBC}") = "Sample.UIDataTemplate", "Sample.UIDataTemplate\Sample.UIDataTemplate.csproj", "{9093B467-ED26-48B1-B3FF-11BDB432D413}"
EndProject
Project("{2150E333-8FDC-42A3-9474-1A3956D46DE8}") = "Sample", "Sample", "{1515A491-87CC-4EB7-BDB0-36468DE4BFBB}"
	ProjectSection(SolutionItems) = preProject
		Sample\InnerSampleDataTemplate.xaml = Sample\InnerSampleDataTemplate.xaml
		..\README.md = ..\README.md
		Sample\SampleDataTemplate.xaml = Sample\SampleDataTemplate.xaml
	EndProjectSection
EndProject
Project("{FAE04EC0-301F-11D3-BF4B-00C04F79EFBC}") = "Simplic.UIDataTemplate.Editor", "Simplic.UIDataTemplate.Editor\Simplic.UIDataTemplate.Editor.csproj", "{D37C10C2-E4C7-404F-935B-903EC6FC6B36}"
EndProject
Global
	GlobalSection(SolutionConfigurationPlatforms) = preSolution
		Debug|Any CPU = Debug|Any CPU
		Release|Any CPU = Release|Any CPU
	EndGlobalSection
	GlobalSection(ProjectConfigurationPlatforms) = postSolution
		{CAE82F4F-5814-409A-BC95-806225EA46BF}.Debug|Any CPU.ActiveCfg = Debug|Any CPU
		{CAE82F4F-5814-409A-BC95-806225EA46BF}.Debug|Any CPU.Build.0 = Debug|Any CPU
		{CAE82F4F-5814-409A-BC95-806225EA46BF}.Release|Any CPU.ActiveCfg = Release|Any CPU
		{CAE82F4F-5814-409A-BC95-806225EA46BF}.Release|Any CPU.Build.0 = Release|Any CPU
		{9093B467-ED26-48B1-B3FF-11BDB432D413}.Debug|Any CPU.ActiveCfg = Debug|Any CPU
		{9093B467-ED26-48B1-B3FF-11BDB432D413}.Debug|Any CPU.Build.0 = Debug|Any CPU
		{9093B467-ED26-48B1-B3FF-11BDB432D413}.Release|Any CPU.ActiveCfg = Release|Any CPU
		{9093B467-ED26-48B1-B3FF-11BDB432D413}.Release|Any CPU.Build.0 = Release|Any CPU
		{D37C10C2-E4C7-404F-935B-903EC6FC6B36}.Debug|Any CPU.ActiveCfg = Debug|Any CPU
		{D37C10C2-E4C7-404F-935B-903EC6FC6B36}.Debug|Any CPU.Build.0 = Debug|Any CPU
		{D37C10C2-E4C7-404F-935B-903EC6FC6B36}.Release|Any CPU.ActiveCfg = Release|Any CPU
		{D37C10C2-E4C7-404F-935B-903EC6FC6B36}.Release|Any CPU.Build.0 = Release|Any CPU
	EndGlobalSection
	GlobalSection(SolutionProperties) = preSolution
		HideSolutionNode = FALSE
	EndGlobalSection
EndGlobal
